
Microsoft Visual Studio Solution File, Format Version 12.00
# Visual Studio 15
VisualStudioVersion = 15.0.28307.421
MinimumVisualStudioVersion = 10.0.40219.1
Project("{FAE04EC0-301F-11D3-BF4B-00C04F79EFBC}") = "HackerRank", "HackerRank\HackerRank.csproj", "{F195723D-AC20-4768-8192-451207916A1C}"
EndProject
Global
	GlobalSection(SolutionConfigurationPlatforms) = preSolution
		Debug|Any CPU = Debug|Any CPU
		Release|Any CPU = Release|Any CPU
	EndGlobalSection
	GlobalSection(ProjectConfigurationPlatforms) = postSolution
		{F195723D-AC20-4768-8192-451207916A1C}.Debug|Any CPU.ActiveCfg = Debug|Any CPU
		{F195723D-AC20-4768-8192-451207916A1C}.Debug|Any CPU.Build.0 = Debug|Any CPU
		{F195723D-AC20-4768-8192-451207916A1C}.Release|Any CPU.ActiveCfg = Release|Any CPU
		{F195723D-AC20-4768-8192-451207916A1C}.Release|Any CPU.Build.0 = Release|Any CPU
	EndGlobalSection
	GlobalSection(SolutionProperties) = preSolution
		HideSolutionNode = FALSE
	EndGlobalSection
	GlobalSection(ExtensibilityGlobals) = postSolution
		SolutionGuid = {B53F4625-5211-4F2E-84CB-ED63D80E6274}
	EndGlobalSection
EndGlobal
